
Microsoft Visual Studio Solution File, Format Version 12.00
# Visual Studio 14
VisualStudioVersion = 14.0.25420.1
MinimumVisualStudioVersion = 10.0.40219.1
Project("{FAE04EC0-301F-11D3-BF4B-00C04F79EFBC}") = "Chml.Oauth", "Chml.Oauth\Chml.Oauth.csproj", "{DED9602D-F17D-4B7E-A836-5B74DA92E764}"
EndProject
Project("{FAE04EC0-301F-11D3-BF4B-00C04F79EFBC}") = "Tools", "Chml.Oauth.Tools\Tools.csproj", "{CBF23BF2-B884-4899-90D5-E12F9299750B}"
EndProject
Global
	GlobalSection(SolutionConfigurationPlatforms) = preSolution
		Debug|Any CPU = Debug|Any CPU
		Release|Any CPU = Release|Any CPU
	EndGlobalSection
	GlobalSection(ProjectConfigurationPlatforms) = postSolution
		{DED9602D-F17D-4B7E-A836-5B74DA92E764}.Debug|Any CPU.ActiveCfg = Debug|Any CPU
		{DED9602D-F17D-4B7E-A836-5B74DA92E764}.Debug|Any CPU.Build.0 = Debug|Any CPU
		{DED9602D-F17D-4B7E-A836-5B74DA92E764}.Release|Any CPU.ActiveCfg = Release|Any CPU
		{DED9602D-F17D-4B7E-A836-5B74DA92E764}.Release|Any CPU.Build.0 = Release|Any CPU
		{CBF23BF2-B884-4899-90D5-E12F9299750B}.Debug|Any CPU.ActiveCfg = Debug|Any CPU
		{CBF23BF2-B884-4899-90D5-E12F9299750B}.Debug|Any CPU.Build.0 = Debug|Any CPU
		{CBF23BF2-B884-4899-90D5-E12F9299750B}.Release|Any CPU.ActiveCfg = Release|Any CPU
		{CBF23BF2-B884-4899-90D5-E12F9299750B}.Release|Any CPU.Build.0 = Release|Any CPU
	EndGlobalSection
	GlobalSection(SolutionProperties) = preSolution
		HideSolutionNode = FALSE
	EndGlobalSection
EndGlobal
